// !$*UTF8*$!
{
	archiveVersion = 1;
	classes = {
	};
	objectVersion = 56;
	objects = {

/* Begin PBXBuildFile section */
		1FDFED852B017ECE00BFD347 /* FirstSwiftUIAppApp.swift in Sources */ = {isa = PBXBuildFile; fileRef = 1FDFED842B017ECE00BFD347 /* FirstSwiftUIAppApp.swift */; };
		1FDFED872B017ECE00BFD347 /* ContentView.swift in Sources */ = {isa = PBXBuildFile; fileRef = 1FDFED862B017ECE00BFD347 /* ContentView.swift */; };
		1FDFED892B017ED400BFD347 /* Assets.xcassets in Resources */ = {isa = PBXBuildFile; fileRef = 1FDFED882B017ED400BFD347 /* Assets.xcassets */; };
		1FDFED8C2B017ED400BFD347 /* Preview Assets.xcassets in Resources */ = {isa = PBXBuildFile; fileRef = 1FDFED8B2B017ED400BFD347 /* Preview Assets.xcassets */; };
		1FDFED962B017ED400BFD347 /* FirstSwiftUIAppTests.swift in Sources */ = {isa = PBXBuildFile; fileRef = 1FDFED952B017ED400BFD347 /* FirstSwiftUIAppTests.swift */; };
		1FDFEDA02B017ED500BFD347 /* FirstSwiftUIAppUITests.swift in Sources */ = {isa = PBXBuildFile; fileRef = 1FDFED9F2B017ED500BFD347 /* FirstSwiftUIAppUITests.swift */; };
		1FDFEDA22B017ED500BFD347 /* FirstSwiftUIAppUITestsLaunchTests.swift in Sources */ = {isa = PBXBuildFile; fileRef = 1FDFEDA12B017ED500BFD347 /* FirstSwiftUIAppUITestsLaunchTests.swift */; };
/* End PBXBuildFile section */

/* Begin PBXContainerItemProxy section */
		1FDFED922B017ED400BFD347 /* PBXContainerItemProxy */ = {
			isa = PBXContainerItemProxy;
			containerPortal = 1FDFED792B017ECE00BFD347 /* Project object */;
			proxyType = 1;
			remoteGlobalIDString = 1FDFED802B017ECE00BFD347;
			remoteInfo = FirstSwiftUIApp;
		};
		1FDFED9C2B017ED400BFD347 /* PBXContainerItemProxy */ = {
			isa = PBXContainerItemProxy;
			containerPortal = 1FDFED792B017ECE00BFD347 /* Project object */;
			proxyType = 1;
			remoteGlobalIDString = 1FDFED802B017ECE00BFD347;
			remoteInfo = FirstSwiftUIApp;
		};
/* End PBXContainerItemProxy section */

/* Begin PBXFileReference section */
		1FDFED812B017ECE00BFD347 /* FirstSwiftUIApp.app */ = {isa = PBXFileReference; explicitFileType = wrapper.application; includeInIndex = 0; path = FirstSwiftUIApp.app; sourceTree = BUILT_PRODUCTS_DIR; };
		1FDFED842B017ECE00BFD347 /* FirstSwiftUIAppApp.swift */ = {isa = PBXFileReference; lastKnownFileType = sourcecode.swift; path = FirstSwiftUIAppApp.swift; sourceTree = "<group>"; };
		1FDFED862B017ECE00BFD347 /* ContentView.swift */ = {isa = PBXFileReference; lastKnownFileType = sourcecode.swift; path = ContentView.swift; sourceTree = "<group>"; };
		1FDFED882B017ED400BFD347 /* Assets.xcassets */ = {isa = PBXFileReference; lastKnownFileType = folder.assetcatalog; path = Assets.xcassets; sourceTree = "<group>"; };
		1FDFED8B2B017ED400BFD347 /* Preview Assets.xcassets */ = {isa = PBXFileReference; lastKnownFileType = folder.assetcatalog; path = "Preview Assets.xcassets"; sourceTree = "<group>"; };
		1FDFED912B017ED400BFD347 /* FirstSwiftUIAppTests.xctest */ = {isa = PBXFileReference; explicitFileType = wrapper.cfbundle; includeInIndex = 0; path = FirstSwiftUIAppTests.xctest; sourceTree = BUILT_PRODUCTS_DIR; };
		1FDFED952B017ED400BFD347 /* FirstSwiftUIAppTests.swift */ = {isa = PBXFileReference; lastKnownFileType = sourcecode.swift; path = FirstSwiftUIAppTests.swift; sourceTree = "<group>"; };
		1FDFED9B2B017ED400BFD347 /* FirstSwiftUIAppUITests.xctest */ = {isa = PBXFileReference; explicitFileType = wrapper.cfbundle; includeInIndex = 0; path = FirstSwiftUIAppUITests.xctest; sourceTree = BUILT_PRODUCTS_DIR; };
		1FDFED9F2B017ED500BFD347 /* FirstSwiftUIAppUITests.swift */ = {isa = PBXFileReference; lastKnownFileType = sourcecode.swift; path = FirstSwiftUIAppUITests.swift; sourceTree = "<group>"; };
		1FDFEDA12B017ED500BFD347 /* FirstSwiftUIAppUITestsLaunchTests.swift */ = {isa = PBXFileReference; lastKnownFileType = sourcecode.swift; path = FirstSwiftUIAppUITestsLaunchTests.swift; sourceTree = "<group>"; };
		1FDFEDAF2B018C2B00BFD347 /* .gitignore.md */ = {isa = PBXFileReference; lastKnownFileType = net.daringfireball.markdown; path = .gitignore.md; sourceTree = "<group>"; };
		1FDFEDB02B018CA500BFD347 /* LICENSE.md */ = {isa = PBXFileReference; lastKnownFileType = net.daringfireball.markdown; path = LICENSE.md; sourceTree = "<group>"; };
		1FDFEDB12B018CDF00BFD347 /* README.md */ = {isa = PBXFileReference; lastKnownFileType = net.daringfireball.markdown; path = README.md; sourceTree = "<group>"; };
		1FF5D8BC2B019D1700303677 /* test2.md */ = {isa = PBXFileReference; lastKnownFileType = net.daringfireball.markdown; path = test2.md; sourceTree = "<group>"; };
/* End PBXFileReference section */

/* Begin PBXFrameworksBuildPhase section */
		1FDFED7E2B017ECE00BFD347 /* Frameworks */ = {
			isa = PBXFrameworksBuildPhase;
			buildActionMask = 2147483647;
			files = (
			);
			runOnlyForDeploymentPostprocessing = 0;
		};
		1FDFED8E2B017ED400BFD347 /* Frameworks */ = {
			isa = PBXFrameworksBuildPhase;
			buildActionMask = 2147483647;
			files = (
			);
			runOnlyForDeploymentPostprocessing = 0;
		};
		1FDFED982B017ED400BFD347 /* Frameworks */ = {
			isa = PBXFrameworksBuildPhase;
			buildActionMask = 2147483647;
			files = (
			);
			runOnlyForDeploymentPostprocessing = 0;
		};
/* End PBXFrameworksBuildPhase section */

/* Begin PBXGroup section */
		1FDFED782B017ECE00BFD347 = {
			isa = PBXGroup;
			children = (
				1FF5D8BC2B019D1700303677 /* test2.md */,
				1FDFEDB12B018CDF00BFD347 /* README.md */,
				1FDFEDB02B018CA500BFD347 /* LICENSE.md */,
				1FDFEDAF2B018C2B00BFD347 /* .gitignore.md */,
				1FDFED832B017ECE00BFD347 /* FirstSwiftUIApp */,
				1FDFED942B017ED400BFD347 /* FirstSwiftUIAppTests */,
				1FDFED9E2B017ED400BFD347 /* FirstSwiftUIAppUITests */,
				1FDFED822B017ECE00BFD347 /* Products */,
			);
			sourceTree = "<group>";
		};
		1FDFED822B017ECE00BFD347 /* Products */ = {
			isa = PBXGroup;
			children = (
				1FDFED812B017ECE00BFD347 /* FirstSwiftUIApp.app */,
				1FDFED912B017ED400BFD347 /* FirstSwiftUIAppTests.xctest */,
				1FDFED9B2B017ED400BFD347 /* FirstSwiftUIAppUITests.xctest */,
			);
			name = Products;
			sourceTree = "<group>";
		};
		1FDFED832B017ECE00BFD347 /* FirstSwiftUIApp */ = {
			isa = PBXGroup;
			children = (
				1FDFED842B017ECE00BFD347 /* FirstSwiftUIAppApp.swift */,
				1FDFED862B017ECE00BFD347 /* ContentView.swift */,
				1FDFED882B017ED400BFD347 /* Assets.xcassets */,
				1FDFED8A2B017ED400BFD347 /* Preview Content */,
			);
			path = FirstSwiftUIApp;
			sourceTree = "<group>";
		};
		1FDFED8A2B017ED400BFD347 /* Preview Content */ = {
			isa = PBXGroup;
			children = (
				1FDFED8B2B017ED400BFD347 /* Preview Assets.xcassets */,
			);
			path = "Preview Content";
			sourceTree = "<group>";
		};
		1FDFED942B017ED400BFD347 /* FirstSwiftUIAppTests */ = {
			isa = PBXGroup;
			children = (
				1FDFED952B017ED400BFD347 /* FirstSwiftUIAppTests.swift */,
			);
			path = FirstSwiftUIAppTests;
			sourceTree = "<group>";
		};
		1FDFED9E2B017ED400BFD347 /* FirstSwiftUIAppUITests */ = {
			isa = PBXGroup;
			children = (
				1FDFED9F2B017ED500BFD347 /* FirstSwiftUIAppUITests.swift */,
				1FDFEDA12B017ED500BFD347 /* FirstSwiftUIAppUITestsLaunchTests.swift */,
			);
			path = FirstSwiftUIAppUITests;
			sourceTree = "<group>";
		};
/* End PBXGroup section */

/* Begin PBXNativeTarget section */
		1FDFED802B017ECE00BFD347 /* FirstSwiftUIApp */ = {
			isa = PBXNativeTarget;
			buildConfigurationList = 1FDFEDA52B017ED500BFD347 /* Build configuration list for PBXNativeTarget "FirstSwiftUIApp" */;
			buildPhases = (
				1FDFED7D2B017ECE00BFD347 /* Sources */,
				1FDFED7E2B017ECE00BFD347 /* Frameworks */,
				1FDFED7F2B017ECE00BFD347 /* Resources */,
			);
			buildRules = (
			);
			dependencies = (
			);
			name = FirstSwiftUIApp;
			productName = FirstSwiftUIApp;
			productReference = 1FDFED812B017ECE00BFD347 /* FirstSwiftUIApp.app */;
			productType = "com.apple.product-type.application";
		};
		1FDFED902B017ED400BFD347 /* FirstSwiftUIAppTests */ = {
			isa = PBXNativeTarget;
			buildConfigurationList = 1FDFEDA82B017ED500BFD347 /* Build configuration list for PBXNativeTarget "FirstSwiftUIAppTests" */;
			buildPhases = (
				1FDFED8D2B017ED400BFD347 /* Sources */,
				1FDFED8E2B017ED400BFD347 /* Frameworks */,
				1FDFED8F2B017ED400BFD347 /* Resources */,
			);
			buildRules = (
			);
			dependencies = (
				1FDFED932B017ED400BFD347 /* PBXTargetDependency */,
			);
			name = FirstSwiftUIAppTests;
			productName = FirstSwiftUIAppTests;
			productReference = 1FDFED912B017ED400BFD347 /* FirstSwiftUIAppTests.xctest */;
			productType = "com.apple.product-type.bundle.unit-test";
		};
		1FDFED9A2B017ED400BFD347 /* FirstSwiftUIAppUITests */ = {
			isa = PBXNativeTarget;
			buildConfigurationList = 1FDFEDAB2B017ED500BFD347 /* Build configuration list for PBXNativeTarget "FirstSwiftUIAppUITests" */;
			buildPhases = (
				1FDFED972B017ED400BFD347 /* Sources */,
				1FDFED982B017ED400BFD347 /* Frameworks */,
				1FDFED992B017ED400BFD347 /* Resources */,
			);
			buildRules = (
			);
			dependencies = (
				1FDFED9D2B017ED400BFD347 /* PBXTargetDependency */,
			);
			name = FirstSwiftUIAppUITests;
			productName = FirstSwiftUIAppUITests;
			productReference = 1FDFED9B2B017ED400BFD347 /* FirstSwiftUIAppUITests.xctest */;
			productType = "com.apple.product-type.bundle.ui-testing";
		};
/* End PBXNativeTarget section */

/* Begin PBXProject section */
		1FDFED792B017ECE00BFD347 /* Project object */ = {
			isa = PBXProject;
			attributes = {
				BuildIndependentTargetsInParallel = 1;
				LastSwiftUpdateCheck = 1420;
				LastUpgradeCheck = 1420;
				TargetAttributes = {
					1FDFED802B017ECE00BFD347 = {
						CreatedOnToolsVersion = 14.2;
					};
					1FDFED902B017ED400BFD347 = {
						CreatedOnToolsVersion = 14.2;
						TestTargetID = 1FDFED802B017ECE00BFD347;
					};
					1FDFED9A2B017ED400BFD347 = {
						CreatedOnToolsVersion = 14.2;
						TestTargetID = 1FDFED802B017ECE00BFD347;
					};
				};
			};
			buildConfigurationList = 1FDFED7C2B017ECE00BFD347 /* Build configuration list for PBXProject "FirstSwiftUIApp" */;
			compatibilityVersion = "Xcode 14.0";
			developmentRegion = en;
			hasScannedForEncodings = 0;
			knownRegions = (
				en,
				Base,
			);
			mainGroup = 1FDFED782B017ECE00BFD347;
			productRefGroup = 1FDFED822B017ECE00BFD347 /* Products */;
			projectDirPath = "";
			projectRoot = "";
			targets = (
				1FDFED802B017ECE00BFD347 /* FirstSwiftUIApp */,
				1FDFED902B017ED400BFD347 /* FirstSwiftUIAppTests */,
				1FDFED9A2B017ED400BFD347 /* FirstSwiftUIAppUITests */,
			);
		};
/* End PBXProject section */

/* Begin PBXResourcesBuildPhase section */
		1FDFED7F2B017ECE00BFD347 /* Resources */ = {
			isa = PBXResourcesBuildPhase;
			buildActionMask = 2147483647;
			files = (
				1FDFED8C2B017ED400BFD347 /* Preview Assets.xcassets in Resources */,
				1FDFED892B017ED400BFD347 /* Assets.xcassets in Resources */,
			);
			runOnlyForDeploymentPostprocessing = 0;
		};
		1FDFED8F2B017ED400BFD347 /* Resources */ = {
			isa = PBXResourcesBuildPhase;
			buildActionMask = 2147483647;
			files = (
			);
			runOnlyForDeploymentPostprocessing = 0;
		};
		1FDFED992B017ED400BFD347 /* Resources */ = {
			isa = PBXResourcesBuildPhase;
			buildActionMask = 2147483647;
			files = (
			);
			runOnlyForDeploymentPostprocessing = 0;
		};
/* End PBXResourcesBuildPhase section */

/* Begin PBXSourcesBuildPhase section */
		1FDFED7D2B017ECE00BFD347 /* Sources */ = {
			isa = PBXSourcesBuildPhase;
			buildActionMask = 2147483647;
			files = (
				1FDFED872B017ECE00BFD347 /* ContentView.swift in Sources */,
				1FDFED852B017ECE00BFD347 /* FirstSwiftUIAppApp.swift in Sources */,
			);
			runOnlyForDeploymentPostprocessing = 0;
		};
		1FDFED8D2B017ED400BFD347 /* Sources */ = {
			isa = PBXSourcesBuildPhase;
			buildActionMask = 2147483647;
			files = (
				1FDFED962B017ED400BFD347 /* FirstSwiftUIAppTests.swift in Sources */,
			);
			runOnlyForDeploymentPostprocessing = 0;
		};
		1FDFED972B017ED400BFD347 /* Sources */ = {
			isa = PBXSourcesBuildPhase;
			buildActionMask = 2147483647;
			files = (
				1FDFEDA02B017ED500BFD347 /* FirstSwiftUIAppUITests.swift in Sources */,
				1FDFEDA22B017ED500BFD347 /* FirstSwiftUIAppUITestsLaunchTests.swift in Sources */,
			);
			runOnlyForDeploymentPostprocessing = 0;
		};
/* End PBXSourcesBuildPhase section */

/* Begin PBXTargetDependency section */
		1FDFED932B017ED400BFD347 /* PBXTargetDependency */ = {
			isa = PBXTargetDependency;
			target = 1FDFED802B017ECE00BFD347 /* FirstSwiftUIApp */;
			targetProxy = 1FDFED922B017ED400BFD347 /* PBXContainerItemProxy */;
		};
		1FDFED9D2B017ED400BFD347 /* PBXTargetDependency */ = {
			isa = PBXTargetDependency;
			target = 1FDFED802B017ECE00BFD347 /* FirstSwiftUIApp */;
			targetProxy = 1FDFED9C2B017ED400BFD347 /* PBXContainerItemProxy */;
		};
/* End PBXTargetDependency section */

/* Begin XCBuildConfiguration section */
		1FDFEDA32B017ED500BFD347 /* Debug */ = {
			isa = XCBuildConfiguration;
			buildSettings = {
				ALWAYS_SEARCH_USER_PATHS = NO;
				CLANG_ANALYZER_NONNULL = YES;
				CLANG_ANALYZER_NUMBER_OBJECT_CONVERSION = YES_AGGRESSIVE;
				CLANG_CXX_LANGUAGE_STANDARD = "gnu++20";
				CLANG_ENABLE_MODULES = YES;
				CLANG_ENABLE_OBJC_ARC = YES;
				CLANG_ENABLE_OBJC_WEAK = YES;
				CLANG_WARN_BLOCK_CAPTURE_AUTORELEASING = YES;
				CLANG_WARN_BOOL_CONVERSION = YES;
				CLANG_WARN_COMMA = YES;
				CLANG_WARN_CONSTANT_CONVERSION = YES;
				CLANG_WARN_DEPRECATED_OBJC_IMPLEMENTATIONS = YES;
				CLANG_WARN_DIRECT_OBJC_ISA_USAGE = YES_ERROR;
				CLANG_WARN_DOCUMENTATION_COMMENTS = YES;
				CLANG_WARN_EMPTY_BODY = YES;
				CLANG_WARN_ENUM_CONVERSION = YES;
				CLANG_WARN_INFINITE_RECURSION = YES;
				CLANG_WARN_INT_CONVERSION = YES;
				CLANG_WARN_NON_LITERAL_NULL_CONVERSION = YES;
				CLANG_WARN_OBJC_IMPLICIT_RETAIN_SELF = YES;
				CLANG_WARN_OBJC_LITERAL_CONVERSION = YES;
				CLANG_WARN_OBJC_ROOT_CLASS = YES_ERROR;
				CLANG_WARN_QUOTED_INCLUDE_IN_FRAMEWORK_HEADER = YES;
				CLANG_WARN_RANGE_LOOP_ANALYSIS = YES;
				CLANG_WARN_STRICT_PROTOTYPES = YES;
				CLANG_WARN_SUSPICIOUS_MOVE = YES;
				CLANG_WARN_UNGUARDED_AVAILABILITY = YES_AGGRESSIVE;
				CLANG_WARN_UNREACHABLE_CODE = YES;
				CLANG_WARN__DUPLICATE_METHOD_MATCH = YES;
				COPY_PHASE_STRIP = NO;
				DEBUG_INFORMATION_FORMAT = dwarf;
				ENABLE_STRICT_OBJC_MSGSEND = YES;
				ENABLE_TESTABILITY = YES;
				GCC_C_LANGUAGE_STANDARD = gnu11;
				GCC_DYNAMIC_NO_PIC = NO;
				GCC_NO_COMMON_BLOCKS = YES;
				GCC_OPTIMIZATION_LEVEL = 0;
				GCC_PREPROCESSOR_DEFINITIONS = (
					"DEBUG=1",
					"$(inherited)",
				);
				GCC_WARN_64_TO_32_BIT_CONVERSION = YES;
				GCC_WARN_ABOUT_RETURN_TYPE = YES_ERROR;
				GCC_WARN_UNDECLARED_SELECTOR = YES;
				GCC_WARN_UNINITIALIZED_AUTOS = YES_AGGRESSIVE;
				GCC_WARN_UNUSED_FUNCTION = YES;
				GCC_WARN_UNUSED_VARIABLE = YES;
				IPHONEOS_DEPLOYMENT_TARGET = 16.2;
				MTL_ENABLE_DEBUG_INFO = INCLUDE_SOURCE;
				MTL_FAST_MATH = YES;
				ONLY_ACTIVE_ARCH = YES;
				SDKROOT = iphoneos;
				SWIFT_ACTIVE_COMPILATION_CONDITIONS = DEBUG;
				SWIFT_OPTIMIZATION_LEVEL = "-Onone";
			};
			name = Debug;
		};
		1FDFEDA42B017ED500BFD347 /* Release */ = {
			isa = XCBuildConfiguration;
			buildSettings = {
				ALWAYS_SEARCH_USER_PATHS = NO;
				CLANG_ANALYZER_NONNULL = YES;
				CLANG_ANALYZER_NUMBER_OBJECT_CONVERSION = YES_AGGRESSIVE;
				CLANG_CXX_LANGUAGE_STANDARD = "gnu++20";
				CLANG_ENABLE_MODULES = YES;
				CLANG_ENABLE_OBJC_ARC = YES;
				CLANG_ENABLE_OBJC_WEAK = YES;
				CLANG_WARN_BLOCK_CAPTURE_AUTORELEASING = YES;
				CLANG_WARN_BOOL_CONVERSION = YES;
				CLANG_WARN_COMMA = YES;
				CLANG_WARN_CONSTANT_CONVERSION = YES;
				CLANG_WARN_DEPRECATED_OBJC_IMPLEMENTATIONS = YES;
				CLANG_WARN_DIRECT_OBJC_ISA_USAGE = YES_ERROR;
				CLANG_WARN_DOCUMENTATION_COMMENTS = YES;
				CLANG_WARN_EMPTY_BODY = YES;
				CLANG_WARN_ENUM_CONVERSION = YES;
				CLANG_WARN_INFINITE_RECURSION = YES;
				CLANG_WARN_INT_CONVERSION = YES;
				CLANG_WARN_NON_LITERAL_NULL_CONVERSION = YES;
				CLANG_WARN_OBJC_IMPLICIT_RETAIN_SELF = YES;
				CLANG_WARN_OBJC_LITERAL_CONVERSION = YES;
				CLANG_WARN_OBJC_ROOT_CLASS = YES_ERROR;
				CLANG_WARN_QUOTED_INCLUDE_IN_FRAMEWORK_HEADER = YES;
				CLANG_WARN_RANGE_LOOP_ANALYSIS = YES;
				CLANG_WARN_STRICT_PROTOTYPES = YES;
				CLANG_WARN_SUSPICIOUS_MOVE = YES;
				CLANG_WARN_UNGUARDED_AVAILABILITY = YES_AGGRESSIVE;
				CLANG_WARN_UNREACHABLE_CODE = YES;
				CLANG_WARN__DUPLICATE_METHOD_MATCH = YES;
				COPY_PHASE_STRIP = NO;
				DEBUG_INFORMATION_FORMAT = "dwarf-with-dsym";
				ENABLE_NS_ASSERTIONS = NO;
				ENABLE_STRICT_OBJC_MSGSEND = YES;
				GCC_C_LANGUAGE_STANDARD = gnu11;
				GCC_NO_COMMON_BLOCKS = YES;
				GCC_WARN_64_TO_32_BIT_CONVERSION = YES;
				GCC_WARN_ABOUT_RETURN_TYPE = YES_ERROR;
				GCC_WARN_UNDECLARED_SELECTOR = YES;
				GCC_WARN_UNINITIALIZED_AUTOS = YES_AGGRESSIVE;
				GCC_WARN_UNUSED_FUNCTION = YES;
				GCC_WARN_UNUSED_VARIABLE = YES;
				IPHONEOS_DEPLOYMENT_TARGET = 16.2;
				MTL_ENABLE_DEBUG_INFO = NO;
				MTL_FAST_MATH = YES;
				SDKROOT = iphoneos;
				SWIFT_COMPILATION_MODE = wholemodule;
				SWIFT_OPTIMIZATION_LEVEL = "-O";
				VALIDATE_PRODUCT = YES;
			};
			name = Release;
		};
		1FDFEDA62B017ED500BFD347 /* Debug */ = {
			isa = XCBuildConfiguration;
			buildSettings = {
				ASSETCATALOG_COMPILER_APPICON_NAME = AppIcon;
				ASSETCATALOG_COMPILER_GLOBAL_ACCENT_COLOR_NAME = AccentColor;
				CODE_SIGN_STYLE = Automatic;
				CURRENT_PROJECT_VERSION = 1;
				DEVELOPMENT_ASSET_PATHS = "\"FirstSwiftUIApp/Preview Content\"";
				ENABLE_PREVIEWS = YES;
				GENERATE_INFOPLIST_FILE = YES;
				INFOPLIST_KEY_UIApplicationSceneManifest_Generation = YES;
				INFOPLIST_KEY_UIApplicationSupportsIndirectInputEvents = YES;
				INFOPLIST_KEY_UILaunchScreen_Generation = YES;
				INFOPLIST_KEY_UISupportedInterfaceOrientations_iPad = "UIInterfaceOrientationPortrait UIInterfaceOrientationPortraitUpsideDown UIInterfaceOrientationLandscapeLeft UIInterfaceOrientationLandscapeRight";
				INFOPLIST_KEY_UISupportedInterfaceOrientations_iPhone = "UIInterfaceOrientationPortrait UIInterfaceOrientationLandscapeLeft UIInterfaceOrientationLandscapeRight";
				LD_RUNPATH_SEARCH_PATHS = (
					"$(inherited)",
					"@executable_path/Frameworks",
				);
				MARKETING_VERSION = 1.0;
				PRODUCT_BUNDLE_IDENTIFIER = local.FirstSwiftUIApp;
				PRODUCT_NAME = "$(TARGET_NAME)";
				SWIFT_EMIT_LOC_STRINGS = YES;
				SWIFT_VERSION = 5.0;
				TARGETED_DEVICE_FAMILY = "1,2";
			};
			name = Debug;
		};
		1FDFEDA72B017ED500BFD347 /* Release */ = {
			isa = XCBuildConfiguration;
			buildSettings = {
				ASSETCATALOG_COMPILER_APPICON_NAME = AppIcon;
				ASSETCATALOG_COMPILER_GLOBAL_ACCENT_COLOR_NAME = AccentColor;
				CODE_SIGN_STYLE = Automatic;
				CURRENT_PROJECT_VERSION = 1;
				DEVELOPMENT_ASSET_PATHS = "\"FirstSwiftUIApp/Preview Content\"";
				ENABLE_PREVIEWS = YES;
				GENERATE_INFOPLIST_FILE = YES;
				INFOPLIST_KEY_UIApplicationSceneManifest_Generation = YES;
				INFOPLIST_KEY_UIApplicationSupportsIndirectInputEvents = YES;
				INFOPLIST_KEY_UILaunchScreen_Generation = YES;
				INFOPLIST_KEY_UISupportedInterfaceOrientations_iPad = "UIInterfaceOrientationPortrait UIInterfaceOrientationPortraitUpsideDown UIInterfaceOrientationLandscapeLeft UIInterfaceOrientationLandscapeRight";
				INFOPLIST_KEY_UISupportedInterfaceOrientations_iPhone = "UIInterfaceOrientationPortrait UIInterfaceOrientationLandscapeLeft UIInterfaceOrientationLandscapeRight";
				LD_RUNPATH_SEARCH_PATHS = (
					"$(inherited)",
					"@executable_path/Frameworks",
				);
				MARKETING_VERSION = 1.0;
				PRODUCT_BUNDLE_IDENTIFIER = local.FirstSwiftUIApp;
				PRODUCT_NAME = "$(TARGET_NAME)";
				SWIFT_EMIT_LOC_STRINGS = YES;
				SWIFT_VERSION = 5.0;
				TARGETED_DEVICE_FAMILY = "1,2";
			};
			name = Release;
		};
		1FDFEDA92B017ED500BFD347 /* Debug */ = {
			isa = XCBuildConfiguration;
			buildSettings = {
				ALWAYS_EMBED_SWIFT_STANDARD_LIBRARIES = YES;
				BUNDLE_LOADER = "$(TEST_HOST)";
				CODE_SIGN_STYLE = Automatic;
				CURRENT_PROJECT_VERSION = 1;
				GENERATE_INFOPLIST_FILE = YES;
				IPHONEOS_DEPLOYMENT_TARGET = 16.2;
				MARKETING_VERSION = 1.0;
				PRODUCT_BUNDLE_IDENTIFIER = local.FirstSwiftUIAppTests;
				PRODUCT_NAME = "$(TARGET_NAME)";
				SWIFT_EMIT_LOC_STRINGS = NO;
				SWIFT_VERSION = 5.0;
				TARGETED_DEVICE_FAMILY = "1,2";
				TEST_HOST = "$(BUILT_PRODUCTS_DIR)/FirstSwiftUIApp.app/$(BUNDLE_EXECUTABLE_FOLDER_PATH)/FirstSwiftUIApp";
			};
			name = Debug;
		};
		1FDFEDAA2B017ED500BFD347 /* Release */ = {
			isa = XCBuildConfiguration;
			buildSettings = {
				ALWAYS_EMBED_SWIFT_STANDARD_LIBRARIES = YES;
				BUNDLE_LOADER = "$(TEST_HOST)";
				CODE_SIGN_STYLE = Automatic;
				CURRENT_PROJECT_VERSION = 1;
				GENERATE_INFOPLIST_FILE = YES;
				IPHONEOS_DEPLOYMENT_TARGET = 16.2;
				MARKETING_VERSION = 1.0;
				PRODUCT_BUNDLE_IDENTIFIER = local.FirstSwiftUIAppTests;
				PRODUCT_NAME = "$(TARGET_NAME)";
				SWIFT_EMIT_LOC_STRINGS = NO;
				SWIFT_VERSION = 5.0;
				TARGETED_DEVICE_FAMILY = "1,2";
				TEST_HOST = "$(BUILT_PRODUCTS_DIR)/FirstSwiftUIApp.app/$(BUNDLE_EXECUTABLE_FOLDER_PATH)/FirstSwiftUIApp";
			};
			name = Release;
		};
		1FDFEDAC2B017ED500BFD347 /* Debug */ = {
			isa = XCBuildConfiguration;
			buildSettings = {
				ALWAYS_EMBED_SWIFT_STANDARD_LIBRARIES = YES;
				CODE_SIGN_STYLE = Automatic;
				CURRENT_PROJECT_VERSION = 1;
				GENERATE_INFOPLIST_FILE = YES;
				MARKETING_VERSION = 1.0;
				PRODUCT_BUNDLE_IDENTIFIER = local.FirstSwiftUIAppUITests;
				PRODUCT_NAME = "$(TARGET_NAME)";
				SWIFT_EMIT_LOC_STRINGS = NO;
				SWIFT_VERSION = 5.0;
				TARGETED_DEVICE_FAMILY = "1,2";
				TEST_TARGET_NAME = FirstSwiftUIApp;
			};
			name = Debug;
		};
		1FDFEDAD2B017ED500BFD347 /* Release */ = {
			isa = XCBuildConfiguration;
			buildSettings = {
				ALWAYS_EMBED_SWIFT_STANDARD_LIBRARIES = YES;
				CODE_SIGN_STYLE = Automatic;
				CURRENT_PROJECT_VERSION = 1;
				GENERATE_INFOPLIST_FILE = YES;
				MARKETING_VERSION = 1.0;
				PRODUCT_BUNDLE_IDENTIFIER = local.FirstSwiftUIAppUITests;
				PRODUCT_NAME = "$(TARGET_NAME)";
				SWIFT_EMIT_LOC_STRINGS = NO;
				SWIFT_VERSION = 5.0;
				TARGETED_DEVICE_FAMILY = "1,2";
				TEST_TARGET_NAME = FirstSwiftUIApp;
			};
			name = Release;
		};
/* End XCBuildConfiguration section */

/* Begin XCConfigurationList section */
		1FDFED7C2B017ECE00BFD347 /* Build configuration list for PBXProject "FirstSwiftUIApp" */ = {
			isa = XCConfigurationList;
			buildConfigurations = (
				1FDFEDA32B017ED500BFD347 /* Debug */,
				1FDFEDA42B017ED500BFD347 /* Release */,
			);
			defaultConfigurationIsVisible = 0;
			defaultConfigurationName = Release;
		};
		1FDFEDA52B017ED500BFD347 /* Build configuration list for PBXNativeTarget "FirstSwiftUIApp" */ = {
			isa = XCConfigurationList;
			buildConfigurations = (
				1FDFEDA62B017ED500BFD347 /* Debug */,
				1FDFEDA72B017ED500BFD347 /* Release */,
			);
			defaultConfigurationIsVisible = 0;
			defaultConfigurationName = Release;
		};
		1FDFEDA82B017ED500BFD347 /* Build configuration list for PBXNativeTarget "FirstSwiftUIAppTests" */ = {
			isa = XCConfigurationList;
			buildConfigurations = (
				1FDFEDA92B017ED500BFD347 /* Debug */,
				1FDFEDAA2B017ED500BFD347 /* Release */,
			);
			defaultConfigurationIsVisible = 0;
			defaultConfigurationName = Release;
		};
		1FDFEDAB2B017ED500BFD347 /* Build configuration list for PBXNativeTarget "FirstSwiftUIAppUITests" */ = {
			isa = XCConfigurationList;
			buildConfigurations = (
				1FDFEDAC2B017ED500BFD347 /* Debug */,
				1FDFEDAD2B017ED500BFD347 /* Release */,
			);
			defaultConfigurationIsVisible = 0;
			defaultConfigurationName = Release;
		};
/* End XCConfigurationList section */
	};
	rootObject = 1FDFED792B017ECE00BFD347 /* Project object */;
}
